// !$*UTF8*$!
{
	archiveVersion = 1;
	classes = {
	};
	objectVersion = 48;
	objects = {

/* Begin PBXBuildFile section */
		B49854232014A2AA009B83B2 /* Errors.swift in Sources */ = {isa = PBXBuildFile; fileRef = B49854222014A2AA009B83B2 /* Errors.swift */; };
		B49854252014A528009B83B2 /* QuoteCell.swift in Sources */ = {isa = PBXBuildFile; fileRef = B49854242014A528009B83B2 /* QuoteCell.swift */; };
		B4B5F252201472F200BAD470 /* AppDelegate.swift in Sources */ = {isa = PBXBuildFile; fileRef = B4B5F251201472F200BAD470 /* AppDelegate.swift */; };
		B4B5F257201472F200BAD470 /* Main.storyboard in Resources */ = {isa = PBXBuildFile; fileRef = B4B5F255201472F200BAD470 /* Main.storyboard */; };
		B4B5F259201472F200BAD470 /* Assets.xcassets in Resources */ = {isa = PBXBuildFile; fileRef = B4B5F258201472F200BAD470 /* Assets.xcassets */; };
		B4B5F25C201472F200BAD470 /* LaunchScreen.storyboard in Resources */ = {isa = PBXBuildFile; fileRef = B4B5F25A201472F200BAD470 /* LaunchScreen.storyboard */; };
		B4B5F26420147F4700BAD470 /* QoutesClient.swift in Sources */ = {isa = PBXBuildFile; fileRef = B4B5F26320147F4700BAD470 /* QoutesClient.swift */; };
		B4B5F26620147FCA00BAD470 /* ExnessClient.swift in Sources */ = {isa = PBXBuildFile; fileRef = B4B5F26520147FCA00BAD470 /* ExnessClient.swift */; };
		B4B5F268201484A000BAD470 /* Pairs.swift in Sources */ = {isa = PBXBuildFile; fileRef = B4B5F267201484A000BAD470 /* Pairs.swift */; };
		B4B5F26A2014875000BAD470 /* SubscriptionResponse.swift in Sources */ = {isa = PBXBuildFile; fileRef = B4B5F2692014875000BAD470 /* SubscriptionResponse.swift */; };
		B4B5F26C20148BF600BAD470 /* TickResponse.swift in Sources */ = {isa = PBXBuildFile; fileRef = B4B5F26B20148BF600BAD470 /* TickResponse.swift */; };
		B4B5F26E20148C0800BAD470 /* Tick.swift in Sources */ = {isa = PBXBuildFile; fileRef = B4B5F26D20148C0800BAD470 /* Tick.swift */; };
		B4B5F2702014938A00BAD470 /* QoutesPresenter.swift in Sources */ = {isa = PBXBuildFile; fileRef = B4B5F26F2014938A00BAD470 /* QoutesPresenter.swift */; };
		B4B5F272201493AB00BAD470 /* QuotesViewController.swift in Sources */ = {isa = PBXBuildFile; fileRef = B4B5F271201493AB00BAD470 /* QuotesViewController.swift */; };
		B4B5F27420149C4100BAD470 /* TickViewData.swift in Sources */ = {isa = PBXBuildFile; fileRef = B4B5F27320149C4100BAD470 /* TickViewData.swift */; };
		B4C0DEF32014B74A0061C1F5 /* FloatTransformer.swift in Sources */ = {isa = PBXBuildFile; fileRef = B4C0DEF22014B74A0061C1F5 /* FloatTransformer.swift */; };
		B4C0DEF72014C0000061C1F5 /* LoadingView.xib in Resources */ = {isa = PBXBuildFile; fileRef = B4C0DEF62014C0000061C1F5 /* LoadingView.xib */; };
		B4C0DEF92014C0160061C1F5 /* UIViewController+LoadingView.swift in Sources */ = {isa = PBXBuildFile; fileRef = B4C0DEF82014C0160061C1F5 /* UIViewController+LoadingView.swift */; };
		D7FEAE3F3712A04EB5EE96C8 /* Pods_Quotes.framework in Frameworks */ = {isa = PBXBuildFile; fileRef = 98E5D3B86CAB4260E3EE1509 /* Pods_Quotes.framework */; };
/* End PBXBuildFile section */

/* Begin PBXFileReference section */
		97CE327343371601EE58EAF0 /* Pods-Quotes.debug.xcconfig */ = {isa = PBXFileReference; includeInIndex = 1; lastKnownFileType = text.xcconfig; name = "Pods-Quotes.debug.xcconfig"; path = "Pods/Target Support Files/Pods-Quotes/Pods-Quotes.debug.xcconfig"; sourceTree = "<group>"; };
		98E5D3B86CAB4260E3EE1509 /* Pods_Quotes.framework */ = {isa = PBXFileReference; explicitFileType = wrapper.framework; includeInIndex = 0; path = Pods_Quotes.framework; sourceTree = BUILT_PRODUCTS_DIR; };
		B49854222014A2AA009B83B2 /* Errors.swift */ = {isa = PBXFileReference; lastKnownFileType = sourcecode.swift; path = Errors.swift; sourceTree = "<group>"; };
		B49854242014A528009B83B2 /* QuoteCell.swift */ = {isa = PBXFileReference; lastKnownFileType = sourcecode.swift; path = QuoteCell.swift; sourceTree = "<group>"; };
		B4B5F24E201472F200BAD470 /* Quotes.app */ = {isa = PBXFileReference; explicitFileType = wrapper.application; includeInIndex = 0; path = Quotes.app; sourceTree = BUILT_PRODUCTS_DIR; };
		B4B5F251201472F200BAD470 /* AppDelegate.swift */ = {isa = PBXFileReference; lastKnownFileType = sourcecode.swift; path = AppDelegate.swift; sourceTree = "<group>"; };
		B4B5F256201472F200BAD470 /* Base */ = {isa = PBXFileReference; lastKnownFileType = file.storyboard; name = Base; path = Base.lproj/Main.storyboard; sourceTree = "<group>"; };
		B4B5F258201472F200BAD470 /* Assets.xcassets */ = {isa = PBXFileReference; lastKnownFileType = folder.assetcatalog; path = Assets.xcassets; sourceTree = "<group>"; };
		B4B5F25B201472F200BAD470 /* Base */ = {isa = PBXFileReference; lastKnownFileType = file.storyboard; name = Base; path = Base.lproj/LaunchScreen.storyboard; sourceTree = "<group>"; };
		B4B5F25D201472F200BAD470 /* Info.plist */ = {isa = PBXFileReference; lastKnownFileType = text.plist.xml; path = Info.plist; sourceTree = "<group>"; };
		B4B5F26320147F4700BAD470 /* QoutesClient.swift */ = {isa = PBXFileReference; lastKnownFileType = sourcecode.swift; path = QoutesClient.swift; sourceTree = "<group>"; };
		B4B5F26520147FCA00BAD470 /* ExnessClient.swift */ = {isa = PBXFileReference; lastKnownFileType = sourcecode.swift; path = ExnessClient.swift; sourceTree = "<group>"; };
		B4B5F267201484A000BAD470 /* Pairs.swift */ = {isa = PBXFileReference; lastKnownFileType = sourcecode.swift; path = Pairs.swift; sourceTree = "<group>"; };
		B4B5F2692014875000BAD470 /* SubscriptionResponse.swift */ = {isa = PBXFileReference; lastKnownFileType = sourcecode.swift; path = SubscriptionResponse.swift; sourceTree = "<group>"; };
		B4B5F26B20148BF600BAD470 /* TickResponse.swift */ = {isa = PBXFileReference; lastKnownFileType = sourcecode.swift; path = TickResponse.swift; sourceTree = "<group>"; };
		B4B5F26D20148C0800BAD470 /* Tick.swift */ = {isa = PBXFileReference; lastKnownFileType = sourcecode.swift; path = Tick.swift; sourceTree = "<group>"; };
		B4B5F26F2014938A00BAD470 /* QoutesPresenter.swift */ = {isa = PBXFileReference; lastKnownFileType = sourcecode.swift; path = QoutesPresenter.swift; sourceTree = "<group>"; };
		B4B5F271201493AB00BAD470 /* QuotesViewController.swift */ = {isa = PBXFileReference; lastKnownFileType = sourcecode.swift; path = QuotesViewController.swift; sourceTree = "<group>"; };
		B4B5F27320149C4100BAD470 /* TickViewData.swift */ = {isa = PBXFileReference; lastKnownFileType = sourcecode.swift; path = TickViewData.swift; sourceTree = "<group>"; };
		B4C0DEF22014B74A0061C1F5 /* FloatTransformer.swift */ = {isa = PBXFileReference; lastKnownFileType = sourcecode.swift; path = FloatTransformer.swift; sourceTree = "<group>"; };
		B4C0DEF62014C0000061C1F5 /* LoadingView.xib */ = {isa = PBXFileReference; fileEncoding = 4; lastKnownFileType = file.xib; path = LoadingView.xib; sourceTree = "<group>"; };
		B4C0DEF82014C0160061C1F5 /* UIViewController+LoadingView.swift */ = {isa = PBXFileReference; fileEncoding = 4; lastKnownFileType = sourcecode.swift; path = "UIViewController+LoadingView.swift"; sourceTree = "<group>"; };
		B5F43B5B100C6937FE95E460 /* Pods-Quotes.release.xcconfig */ = {isa = PBXFileReference; includeInIndex = 1; lastKnownFileType = text.xcconfig; name = "Pods-Quotes.release.xcconfig"; path = "Pods/Target Support Files/Pods-Quotes/Pods-Quotes.release.xcconfig"; sourceTree = "<group>"; };
/* End PBXFileReference section */

/* Begin PBXFrameworksBuildPhase section */
		B4B5F24B201472F200BAD470 /* Frameworks */ = {
			isa = PBXFrameworksBuildPhase;
			buildActionMask = 2147483647;
			files = (
				D7FEAE3F3712A04EB5EE96C8 /* Pods_Quotes.framework in Frameworks */,
			);
			runOnlyForDeploymentPostprocessing = 0;
		};
/* End PBXFrameworksBuildPhase section */

/* Begin PBXGroup section */
		7423548016B73F96FB617C88 /* Pods */ = {
			isa = PBXGroup;
			children = (
				97CE327343371601EE58EAF0 /* Pods-Quotes.debug.xcconfig */,
				B5F43B5B100C6937FE95E460 /* Pods-Quotes.release.xcconfig */,
			);
			name = Pods;
			sourceTree = "<group>";
		};
		974E3E519601D798B308B480 /* Frameworks */ = {
			isa = PBXGroup;
			children = (
				98E5D3B86CAB4260E3EE1509 /* Pods_Quotes.framework */,
			);
			name = Frameworks;
			sourceTree = "<group>";
		};
		B4B5F245201472F200BAD470 = {
			isa = PBXGroup;
			children = (
				B4B5F250201472F200BAD470 /* Quotes */,
				B4B5F24F201472F200BAD470 /* Products */,
				7423548016B73F96FB617C88 /* Pods */,
				974E3E519601D798B308B480 /* Frameworks */,
			);
			sourceTree = "<group>";
		};
		B4B5F24F201472F200BAD470 /* Products */ = {
			isa = PBXGroup;
			children = (
				B4B5F24E201472F200BAD470 /* Quotes.app */,
			);
			name = Products;
			sourceTree = "<group>";
		};
		B4B5F250201472F200BAD470 /* Quotes */ = {
			isa = PBXGroup;
			children = (
				B4B5F251201472F200BAD470 /* AppDelegate.swift */,
				B4B5F255201472F200BAD470 /* Main.storyboard */,
				B4B5F258201472F200BAD470 /* Assets.xcassets */,
				B4B5F25A201472F200BAD470 /* LaunchScreen.storyboard */,
				B4B5F25D201472F200BAD470 /* Info.plist */,
				B4B5F26320147F4700BAD470 /* QoutesClient.swift */,
				B4B5F26520147FCA00BAD470 /* ExnessClient.swift */,
				B4B5F267201484A000BAD470 /* Pairs.swift */,
				B4B5F2692014875000BAD470 /* SubscriptionResponse.swift */,
				B4B5F26B20148BF600BAD470 /* TickResponse.swift */,
				B4B5F26D20148C0800BAD470 /* Tick.swift */,
				B4B5F26F2014938A00BAD470 /* QoutesPresenter.swift */,
				B4B5F271201493AB00BAD470 /* QuotesViewController.swift */,
				B4B5F27320149C4100BAD470 /* TickViewData.swift */,
				B49854222014A2AA009B83B2 /* Errors.swift */,
				B49854242014A528009B83B2 /* QuoteCell.swift */,
				B4C0DEF22014B74A0061C1F5 /* FloatTransformer.swift */,
				B4C0DEF62014C0000061C1F5 /* LoadingView.xib */,
				B4C0DEF82014C0160061C1F5 /* UIViewController+LoadingView.swift */,
			);
			path = Quotes;
			sourceTree = "<group>";
		};
/* End PBXGroup section */

/* Begin PBXNativeTarget section */
		B4B5F24D201472F200BAD470 /* Quotes */ = {
			isa = PBXNativeTarget;
			buildConfigurationList = B4B5F260201472F200BAD470 /* Build configuration list for PBXNativeTarget "Quotes" */;
			buildPhases = (
				DD3551FD849B040C63071586 /* [CP] Check Pods Manifest.lock */,
				B4B5F24A201472F200BAD470 /* Sources */,
				B4B5F24B201472F200BAD470 /* Frameworks */,
				B4B5F24C201472F200BAD470 /* Resources */,
				14D1BF380DF9273826DBF715 /* [CP] Embed Pods Frameworks */,
				65D5D9C148F89D927F624C82 /* [CP] Copy Pods Resources */,
			);
			buildRules = (
			);
			dependencies = (
			);
			name = Quotes;
			productName = Quotes;
			productReference = B4B5F24E201472F200BAD470 /* Quotes.app */;
			productType = "com.apple.product-type.application";
		};
/* End PBXNativeTarget section */

/* Begin PBXProject section */
		B4B5F246201472F200BAD470 /* Project object */ = {
			isa = PBXProject;
			attributes = {
				LastSwiftUpdateCheck = 0920;
				LastUpgradeCheck = 0920;
				ORGANIZATIONNAME = "Aleksey Nemychenkov";
				TargetAttributes = {
					B4B5F24D201472F200BAD470 = {
						CreatedOnToolsVersion = 9.2;
						ProvisioningStyle = Automatic;
					};
				};
			};
			buildConfigurationList = B4B5F249201472F200BAD470 /* Build configuration list for PBXProject "Quotes" */;
			compatibilityVersion = "Xcode 8.0";
			developmentRegion = en;
			hasScannedForEncodings = 0;
			knownRegions = (
				en,
				Base,
			);
			mainGroup = B4B5F245201472F200BAD470;
			productRefGroup = B4B5F24F201472F200BAD470 /* Products */;
			projectDirPath = "";
			projectRoot = "";
			targets = (
				B4B5F24D201472F200BAD470 /* Quotes */,
			);
		};
/* End PBXProject section */

/* Begin PBXResourcesBuildPhase section */
		B4B5F24C201472F200BAD470 /* Resources */ = {
			isa = PBXResourcesBuildPhase;
			buildActionMask = 2147483647;
			files = (
				B4B5F25C201472F200BAD470 /* LaunchScreen.storyboard in Resources */,
				B4C0DEF72014C0000061C1F5 /* LoadingView.xib in Resources */,
				B4B5F259201472F200BAD470 /* Assets.xcassets in Resources */,
				B4B5F257201472F200BAD470 /* Main.storyboard in Resources */,
			);
			runOnlyForDeploymentPostprocessing = 0;
		};
/* End PBXResourcesBuildPhase section */

/* Begin PBXShellScriptBuildPhase section */
		14D1BF380DF9273826DBF715 /* [CP] Embed Pods Frameworks */ = {
			isa = PBXShellScriptBuildPhase;
			buildActionMask = 2147483647;
			files = (
			);
			inputPaths = (
				"${SRCROOT}/Pods/Target Support Files/Pods-Quotes/Pods-Quotes-frameworks.sh",
				"${BUILT_PRODUCTS_DIR}/ObjectMapper/ObjectMapper.framework",
				"${BUILT_PRODUCTS_DIR}/PureLayout/PureLayout.framework",
				"${BUILT_PRODUCTS_DIR}/SwiftWebSocket/SwiftWebSocket.framework",
			);
			name = "[CP] Embed Pods Frameworks";
			outputPaths = (
				"${TARGET_BUILD_DIR}/${FRAMEWORKS_FOLDER_PATH}/ObjectMapper.framework",
				"${TARGET_BUILD_DIR}/${FRAMEWORKS_FOLDER_PATH}/PureLayout.framework",
				"${TARGET_BUILD_DIR}/${FRAMEWORKS_FOLDER_PATH}/SwiftWebSocket.framework",
			);
			runOnlyForDeploymentPostprocessing = 0;
			shellPath = /bin/sh;
			shellScript = "\"${SRCROOT}/Pods/Target Support Files/Pods-Quotes/Pods-Quotes-frameworks.sh\"\n";
			showEnvVarsInLog = 0;
		};
		65D5D9C148F89D927F624C82 /* [CP] Copy Pods Resources */ = {
			isa = PBXShellScriptBuildPhase;
			buildActionMask = 2147483647;
			files = (
			);
			inputPaths = (
			);
			name = "[CP] Copy Pods Resources";
			outputPaths = (
			);
			runOnlyForDeploymentPostprocessing = 0;
			shellPath = /bin/sh;
			shellScript = "\"${SRCROOT}/Pods/Target Support Files/Pods-Quotes/Pods-Quotes-resources.sh\"\n";
			showEnvVarsInLog = 0;
		};
		DD3551FD849B040C63071586 /* [CP] Check Pods Manifest.lock */ = {
			isa = PBXShellScriptBuildPhase;
			buildActionMask = 2147483647;
			files = (
			);
			inputPaths = (
				"${PODS_PODFILE_DIR_PATH}/Podfile.lock",
				"${PODS_ROOT}/Manifest.lock",
			);
			name = "[CP] Check Pods Manifest.lock";
			outputPaths = (
				"$(DERIVED_FILE_DIR)/Pods-Quotes-checkManifestLockResult.txt",
			);
			runOnlyForDeploymentPostprocessing = 0;
			shellPath = /bin/sh;
			shellScript = "diff \"${PODS_PODFILE_DIR_PATH}/Podfile.lock\" \"${PODS_ROOT}/Manifest.lock\" > /dev/null\nif [ $? != 0 ] ; then\n    # print error to STDERR\n    echo \"error: The sandbox is not in sync with the Podfile.lock. Run 'pod install' or update your CocoaPods installation.\" >&2\n    exit 1\nfi\n# This output is used by Xcode 'outputs' to avoid re-running this script phase.\necho \"SUCCESS\" > \"${SCRIPT_OUTPUT_FILE_0}\"\n";
			showEnvVarsInLog = 0;
		};
/* End PBXShellScriptBuildPhase section */

/* Begin PBXSourcesBuildPhase section */
		B4B5F24A201472F200BAD470 /* Sources */ = {
			isa = PBXSourcesBuildPhase;
			buildActionMask = 2147483647;
			files = (
				B4B5F26E20148C0800BAD470 /* Tick.swift in Sources */,
				B4B5F272201493AB00BAD470 /* QuotesViewController.swift in Sources */,
				B49854252014A528009B83B2 /* QuoteCell.swift in Sources */,
				B4B5F27420149C4100BAD470 /* TickViewData.swift in Sources */,
				B49854232014A2AA009B83B2 /* Errors.swift in Sources */,
				B4B5F26C20148BF600BAD470 /* TickResponse.swift in Sources */,
				B4B5F252201472F200BAD470 /* AppDelegate.swift in Sources */,
				B4B5F26620147FCA00BAD470 /* ExnessClient.swift in Sources */,
				B4B5F26420147F4700BAD470 /* QoutesClient.swift in Sources */,
				B4C0DEF32014B74A0061C1F5 /* FloatTransformer.swift in Sources */,
				B4B5F268201484A000BAD470 /* Pairs.swift in Sources */,
				B4B5F2702014938A00BAD470 /* QoutesPresenter.swift in Sources */,
				B4C0DEF92014C0160061C1F5 /* UIViewController+LoadingView.swift in Sources */,
				B4B5F26A2014875000BAD470 /* SubscriptionResponse.swift in Sources */,
			);
			runOnlyForDeploymentPostprocessing = 0;
		};
/* End PBXSourcesBuildPhase section */

/* Begin PBXVariantGroup section */
		B4B5F255201472F200BAD470 /* Main.storyboard */ = {
			isa = PBXVariantGroup;
			children = (
				B4B5F256201472F200BAD470 /* Base */,
			);
			name = Main.storyboard;
			sourceTree = "<group>";
		};
		B4B5F25A201472F200BAD470 /* LaunchScreen.storyboard */ = {
			isa = PBXVariantGroup;
			children = (
				B4B5F25B201472F200BAD470 /* Base */,
			);
			name = LaunchScreen.storyboard;
			sourceTree = "<group>";
		};
/* End PBXVariantGroup section */

/* Begin XCBuildConfiguration section */
		B4B5F25E201472F200BAD470 /* Debug */ = {
			isa = XCBuildConfiguration;
			buildSettings = {
				ALWAYS_SEARCH_USER_PATHS = NO;
				CLANG_ANALYZER_NONNULL = YES;
				CLANG_ANALYZER_NUMBER_OBJECT_CONVERSION = YES_AGGRESSIVE;
				CLANG_CXX_LANGUAGE_STANDARD = "gnu++14";
				CLANG_CXX_LIBRARY = "libc++";
				CLANG_ENABLE_MODULES = YES;
				CLANG_ENABLE_OBJC_ARC = YES;
				CLANG_WARN_BLOCK_CAPTURE_AUTORELEASING = YES;
				CLANG_WARN_BOOL_CONVERSION = YES;
				CLANG_WARN_COMMA = YES;
				CLANG_WARN_CONSTANT_CONVERSION = YES;
				CLANG_WARN_DIRECT_OBJC_ISA_USAGE = YES_ERROR;
				CLANG_WARN_DOCUMENTATION_COMMENTS = YES;
				CLANG_WARN_EMPTY_BODY = YES;
				CLANG_WARN_ENUM_CONVERSION = YES;
				CLANG_WARN_INFINITE_RECURSION = YES;
				CLANG_WARN_INT_CONVERSION = YES;
				CLANG_WARN_NON_LITERAL_NULL_CONVERSION = YES;
				CLANG_WARN_OBJC_LITERAL_CONVERSION = YES;
				CLANG_WARN_OBJC_ROOT_CLASS = YES_ERROR;
				CLANG_WARN_RANGE_LOOP_ANALYSIS = YES;
				CLANG_WARN_STRICT_PROTOTYPES = YES;
				CLANG_WARN_SUSPICIOUS_MOVE = YES;
				CLANG_WARN_UNGUARDED_AVAILABILITY = YES_AGGRESSIVE;
				CLANG_WARN_UNREACHABLE_CODE = YES;
				CLANG_WARN__DUPLICATE_METHOD_MATCH = YES;
				CODE_SIGN_IDENTITY = "iPhone Developer";
				COPY_PHASE_STRIP = NO;
				DEBUG_INFORMATION_FORMAT = dwarf;
				ENABLE_STRICT_OBJC_MSGSEND = YES;
				ENABLE_TESTABILITY = YES;
				GCC_C_LANGUAGE_STANDARD = gnu11;
				GCC_DYNAMIC_NO_PIC = NO;
				GCC_NO_COMMON_BLOCKS = YES;
				GCC_OPTIMIZATION_LEVEL = 0;
				GCC_PREPROCESSOR_DEFINITIONS = (
					"DEBUG=1",
					"$(inherited)",
				);
				GCC_WARN_64_TO_32_BIT_CONVERSION = YES;
				GCC_WARN_ABOUT_RETURN_TYPE = YES_ERROR;
				GCC_WARN_UNDECLARED_SELECTOR = YES;
				GCC_WARN_UNINITIALIZED_AUTOS = YES_AGGRESSIVE;
				GCC_WARN_UNUSED_FUNCTION = YES;
				GCC_WARN_UNUSED_VARIABLE = YES;
				IPHONEOS_DEPLOYMENT_TARGET = 11.2;
				MTL_ENABLE_DEBUG_INFO = YES;
				ONLY_ACTIVE_ARCH = YES;
				SDKROOT = iphoneos;
				SWIFT_ACTIVE_COMPILATION_CONDITIONS = DEBUG;
				SWIFT_OPTIMIZATION_LEVEL = "-Onone";
			};
			name = Debug;
		};
		B4B5F25F201472F200BAD470 /* Release */ = {
			isa = XCBuildConfiguration;
			buildSettings = {
				ALWAYS_SEARCH_USER_PATHS = NO;
				CLANG_ANALYZER_NONNULL = YES;
				CLANG_ANALYZER_NUMBER_OBJECT_CONVERSION = YES_AGGRESSIVE;
				CLANG_CXX_LANGUAGE_STANDARD = "gnu++14";
				CLANG_CXX_LIBRARY = "libc++";
				CLANG_ENABLE_MODULES = YES;
				CLANG_ENABLE_OBJC_ARC = YES;
				CLANG_WARN_BLOCK_CAPTURE_AUTORELEASING = YES;
				CLANG_WARN_BOOL_CONVERSION = YES;
				CLANG_WARN_COMMA = YES;
				CLANG_WARN_CONSTANT_CONVERSION = YES;
				CLANG_WARN_DIRECT_OBJC_ISA_USAGE = YES_ERROR;
				CLANG_WARN_DOCUMENTATION_COMMENTS = YES;
				CLANG_WARN_EMPTY_BODY = YES;
				CLANG_WARN_ENUM_CONVERSION = YES;
				CLANG_WARN_INFINITE_RECURSION = YES;
				CLANG_WARN_INT_CONVERSION = YES;
				CLANG_WARN_NON_LITERAL_NULL_CONVERSION = YES;
				CLANG_WARN_OBJC_LITERAL_CONVERSION = YES;
				CLANG_WARN_OBJC_ROOT_CLASS = YES_ERROR;
				CLANG_WARN_RANGE_LOOP_ANALYSIS = YES;
				CLANG_WARN_STRICT_PROTOTYPES = YES;
				CLANG_WARN_SUSPICIOUS_MOVE = YES;
				CLANG_WARN_UNGUARDED_AVAILABILITY = YES_AGGRESSIVE;
				CLANG_WARN_UNREACHABLE_CODE = YES;
				CLANG_WARN__DUPLICATE_METHOD_MATCH = YES;
				CODE_SIGN_IDENTITY = "iPhone Developer";
				COPY_PHASE_STRIP = NO;
				DEBUG_INFORMATION_FORMAT = "dwarf-with-dsym";
				ENABLE_NS_ASSERTIONS = NO;
				ENABLE_STRICT_OBJC_MSGSEND = YES;
				GCC_C_LANGUAGE_STANDARD = gnu11;
				GCC_NO_COMMON_BLOCKS = YES;
				GCC_WARN_64_TO_32_BIT_CONVERSION = YES;
				GCC_WARN_ABOUT_RETURN_TYPE = YES_ERROR;
				GCC_WARN_UNDECLARED_SELECTOR = YES;
				GCC_WARN_UNINITIALIZED_AUTOS = YES_AGGRESSIVE;
				GCC_WARN_UNUSED_FUNCTION = YES;
				GCC_WARN_UNUSED_VARIABLE = YES;
				IPHONEOS_DEPLOYMENT_TARGET = 11.2;
				MTL_ENABLE_DEBUG_INFO = NO;
				SDKROOT = iphoneos;
				SWIFT_OPTIMIZATION_LEVEL = "-Owholemodule";
				VALIDATE_PRODUCT = YES;
			};
			name = Release;
		};
		B4B5F261201472F200BAD470 /* Debug */ = {
			isa = XCBuildConfiguration;
			baseConfigurationReference = 97CE327343371601EE58EAF0 /* Pods-Quotes.debug.xcconfig */;
			buildSettings = {
				ASSETCATALOG_COMPILER_APPICON_NAME = AppIcon;
				CODE_SIGN_STYLE = Automatic;
				DEVELOPMENT_TEAM = 77AL4445AS;
				INFOPLIST_FILE = Quotes/Info.plist;
				LD_RUNPATH_SEARCH_PATHS = "$(inherited) @executable_path/Frameworks";
				PRODUCT_BUNDLE_IDENTIFIER = com.benchman.Quotes;
				PRODUCT_NAME = "$(TARGET_NAME)";
				SWIFT_VERSION = 4.0;
				TARGETED_DEVICE_FAMILY = "1,2";
			};
			name = Debug;
		};
		B4B5F262201472F200BAD470 /* Release */ = {
			isa = XCBuildConfiguration;
			baseConfigurationReference = B5F43B5B100C6937FE95E460 /* Pods-Quotes.release.xcconfig */;
			buildSettings = {
				ASSETCATALOG_COMPILER_APPICON_NAME = AppIcon;
				CODE_SIGN_STYLE = Automatic;
				DEVELOPMENT_TEAM = 77AL4445AS;
				INFOPLIST_FILE = Quotes/Info.plist;
				LD_RUNPATH_SEARCH_PATHS = "$(inherited) @executable_path/Frameworks";
				PRODUCT_BUNDLE_IDENTIFIER = com.benchman.Quotes;
				PRODUCT_NAME = "$(TARGET_NAME)";
				SWIFT_VERSION = 4.0;
				TARGETED_DEVICE_FAMILY = "1,2";
			};
			name = Release;
		};
/* End XCBuildConfiguration section */

/* Begin XCConfigurationList section */
		B4B5F249201472F200BAD470 /* Build configuration list for PBXProject "Quotes" */ = {
			isa = XCConfigurationList;
			buildConfigurations = (
				B4B5F25E201472F200BAD470 /* Debug */,
				B4B5F25F201472F200BAD470 /* Release */,
			);
			defaultConfigurationIsVisible = 0;
			defaultConfigurationName = Release;
		};
		B4B5F260201472F200BAD470 /* Build configuration list for PBXNativeTarget "Quotes" */ = {
			isa = XCConfigurationList;
			buildConfigurations = (
				B4B5F261201472F200BAD470 /* Debug */,
				B4B5F262201472F200BAD470 /* Release */,
			);
			defaultConfigurationIsVisible = 0;
			defaultConfigurationName = Release;
		};
/* End XCConfigurationList section */
	};
	rootObject = B4B5F246201472F200BAD470 /* Project object */;
}
